
Microsoft Visual Studio Solution File, Format Version 12.00
# Visual Studio Version 16
VisualStudioVersion = 16.0.29709.97
MinimumVisualStudioVersion = 10.0.40219.1
Project("{FAE04EC0-301F-11D3-BF4B-00C04F79EFBC}") = "Snake_Yar", "Snake_Yar\Snake_Yar.csproj", "{945CB78A-1235-4A01-A933-4DF4FF9A0271}"
EndProject
Project("{FAE04EC0-301F-11D3-BF4B-00C04F79EFBC}") = "Common", "Common\Common.csproj", "{C97C3A1A-8283-46F7-AB08-7BCF8F4007AD}"
EndProject
Project("{FAE04EC0-301F-11D3-BF4B-00C04F79EFBC}") = "SnakeWPF", "SnakeWPF\SnakeWPF.csproj", "{46EA1968-8C24-47B1-B436-BCD164EC2F6C}"
EndProject
Global
	GlobalSection(SolutionConfigurationPlatforms) = preSolution
		Debug|Any CPU = Debug|Any CPU
		Release|Any CPU = Release|Any CPU
	EndGlobalSection
	GlobalSection(ProjectConfigurationPlatforms) = postSolution
		{945CB78A-1235-4A01-A933-4DF4FF9A0271}.Debug|Any CPU.ActiveCfg = Debug|Any CPU
		{945CB78A-1235-4A01-A933-4DF4FF9A0271}.Debug|Any CPU.Build.0 = Debug|Any CPU
		{945CB78A-1235-4A01-A933-4DF4FF9A0271}.Release|Any CPU.ActiveCfg = Release|Any CPU
		{945CB78A-1235-4A01-A933-4DF4FF9A0271}.Release|Any CPU.Build.0 = Release|Any CPU
		{C97C3A1A-8283-46F7-AB08-7BCF8F4007AD}.Debug|Any CPU.ActiveCfg = Debug|Any CPU
		{C97C3A1A-8283-46F7-AB08-7BCF8F4007AD}.Debug|Any CPU.Build.0 = Debug|Any CPU
		{C97C3A1A-8283-46F7-AB08-7BCF8F4007AD}.Release|Any CPU.ActiveCfg = Release|Any CPU
		{C97C3A1A-8283-46F7-AB08-7BCF8F4007AD}.Release|Any CPU.Build.0 = Release|Any CPU
		{46EA1968-8C24-47B1-B436-BCD164EC2F6C}.Debug|Any CPU.ActiveCfg = Debug|Any CPU
		{46EA1968-8C24-47B1-B436-BCD164EC2F6C}.Debug|Any CPU.Build.0 = Debug|Any CPU
		{46EA1968-8C24-47B1-B436-BCD164EC2F6C}.Release|Any CPU.ActiveCfg = Release|Any CPU
		{46EA1968-8C24-47B1-B436-BCD164EC2F6C}.Release|Any CPU.Build.0 = Release|Any CPU
	EndGlobalSection
	GlobalSection(SolutionProperties) = preSolution
		HideSolutionNode = FALSE
	EndGlobalSection
	GlobalSection(ExtensibilityGlobals) = postSolution
		SolutionGuid = {F9B74F7C-7F6C-43F5-B814-F1AF991C5A29}
	EndGlobalSection
EndGlobal
